# This file was autogenerated by Stack.
# You should not edit this file by hand.
# For more information, please see the documentation at:
#   https://docs.haskellstack.org/en/stable/topics/lock_files

packages:
- completed:
    hackage: htoml-megaparsec-2.1.0.5@sha256:9a984d6247a4622db43318a21a9748dd4ceff09e15662c7871afc67aacc065d7,3393
    pantry-tree:
      sha256: 0d9dff28c5b1eb2698763bcf646e267d426c7be458e7d33c65952cbf506cb2c2
      size: 10518
  original:
    hackage: htoml-megaparsec-2.1.0.5@sha256:9a984d6247a4622db43318a21a9748dd4ceff09e15662c7871afc67aacc065d7,3393
- completed:
    hackage: aeson-2.1.2.1@sha256:aaa8be7ead024f05e9d5b290eb7ee5750deec1137b8f08f7ef039b8cb9036351,6355
    pantry-tree:
      sha256: a0d920dfe603c64910911c5ebf22b73f86a61b9e61e9fc629f0f31a8ec0de683
      size: 82465
  original:
    hackage: aeson-2.1.2.1@sha256:aaa8be7ead024f05e9d5b290eb7ee5750deec1137b8f08f7ef039b8cb9036351,6355
- completed:
    hackage: time-1.12.2@sha256:88e8493d9130038d3b9968a2530a0900141cd3d938483c83dde56e12b875ebc8,6510
    pantry-tree:
      sha256: de0ab314661da3788b5dad20254e44929b1659b00d32b5a0cd54922a05e006e8
      size: 7264
  original:
    hackage: time-1.12.2
snapshots:
- completed:
    sha256: 1b4c2669e26fa828451830ed4725e4d406acc25a1fa24fcc039465dd13d7a575
    size: 714100
    url: https://raw.githubusercontent.com/commercialhaskell/stackage-snapshots/master/lts/22/6.yaml
  original: lts-22.6
